
Microsoft Visual Studio Solution File, Format Version 12.00
# Visual Studio Version 16
VisualStudioVersion = 16.0.29728.190
MinimumVisualStudioVersion = 10.0.40219.1
Project("{FAE04EC0-301F-11D3-BF4B-00C04F79EFBC}") = "APIFinRh", "APIFinRh\APIFinRh.csproj", "{BE87B5A6-80B2-4691-8E42-2EB56AD22030}"
EndProject
Global
	GlobalSection(SolutionConfigurationPlatforms) = preSolution
		Debug|Any CPU = Debug|Any CPU
		Release|Any CPU = Release|Any CPU
	EndGlobalSection
	GlobalSection(ProjectConfigurationPlatforms) = postSolution
		{BE87B5A6-80B2-4691-8E42-2EB56AD22030}.Debug|Any CPU.ActiveCfg = Debug|Any CPU
		{BE87B5A6-80B2-4691-8E42-2EB56AD22030}.Debug|Any CPU.Build.0 = Debug|Any CPU
		{BE87B5A6-80B2-4691-8E42-2EB56AD22030}.Release|Any CPU.ActiveCfg = Release|Any CPU
		{BE87B5A6-80B2-4691-8E42-2EB56AD22030}.Release|Any CPU.Build.0 = Release|Any CPU
	EndGlobalSection
	GlobalSection(SolutionProperties) = preSolution
		HideSolutionNode = FALSE
	EndGlobalSection
	GlobalSection(ExtensibilityGlobals) = postSolution
		SolutionGuid = {2431BA38-C46D-4754-950E-88F11F21487C}
	EndGlobalSection
EndGlobal
